// !$*UTF8*$!
{
	archiveVersion = 1;
	classes = {
	};
	objectVersion = 51;
	objects = {

/* Begin PBXBuildFile section */
		7A710372B3DCCDB0996C89E3 /* Pods_SearchApp.framework in Frameworks */ = {isa = PBXBuildFile; fileRef = A5B882AA77909CA4EFFA8A61 /* Pods_SearchApp.framework */; };
		95C8380E28589E7C005E9072 /* NewViewController.swift in Sources */ = {isa = PBXBuildFile; fileRef = 95C8380D28589E7C005E9072 /* NewViewController.swift */; };
		95C838112858A63E005E9072 /* imageExtention.swift in Sources */ = {isa = PBXBuildFile; fileRef = 95C838102858A63E005E9072 /* imageExtention.swift */; };
		95C90B412855F29A003338B1 /* MovieTableViewCell.swift in Sources */ = {isa = PBXBuildFile; fileRef = 95C90B3F2855F29A003338B1 /* MovieTableViewCell.swift */; };
		95C90B422855F29A003338B1 /* MovieTableViewCell.xib in Resources */ = {isa = PBXBuildFile; fileRef = 95C90B402855F29A003338B1 /* MovieTableViewCell.xib */; };
		95C90B452855F636003338B1 /* RestClientError.swift in Sources */ = {isa = PBXBuildFile; fileRef = 95C90B442855F636003338B1 /* RestClientError.swift */; };
		95C90B472855F6A5003338B1 /* SwiftyJSON.swift in Sources */ = {isa = PBXBuildFile; fileRef = 95C90B462855F6A5003338B1 /* SwiftyJSON.swift */; };
		95C90B492855F6EE003338B1 /* HTTPResponse.swift in Sources */ = {isa = PBXBuildFile; fileRef = 95C90B482855F6EE003338B1 /* HTTPResponse.swift */; };
		95C90B4B2855F723003338B1 /* HTTPService.swift in Sources */ = {isa = PBXBuildFile; fileRef = 95C90B4A2855F723003338B1 /* HTTPService.swift */; };
		95C90B4E2855F7E2003338B1 /* SearchListAPI.swift in Sources */ = {isa = PBXBuildFile; fileRef = 95C90B4D2855F7E2003338B1 /* SearchListAPI.swift */; };
		95C90B502855F952003338B1 /* Movie.swift in Sources */ = {isa = PBXBuildFile; fileRef = 95C90B4F2855F952003338B1 /* Movie.swift */; };
		ADC4C1818B8C031B7B36ED3C /* Pods_SearchAppTests.framework in Frameworks */ = {isa = PBXBuildFile; fileRef = 6379B111D5A26613D821DD33 /* Pods_SearchAppTests.framework */; };
		C53B33962855DDBA00589719 /* AppDelegate.swift in Sources */ = {isa = PBXBuildFile; fileRef = C53B33952855DDBA00589719 /* AppDelegate.swift */; };
		C53B33982855DDBA00589719 /* SceneDelegate.swift in Sources */ = {isa = PBXBuildFile; fileRef = C53B33972855DDBA00589719 /* SceneDelegate.swift */; };
		C53B339A2855DDBA00589719 /* ViewController.swift in Sources */ = {isa = PBXBuildFile; fileRef = C53B33992855DDBA00589719 /* ViewController.swift */; };
		C53B339D2855DDBA00589719 /* Main.storyboard in Resources */ = {isa = PBXBuildFile; fileRef = C53B339B2855DDBA00589719 /* Main.storyboard */; };
		C53B33A02855DDBA00589719 /* SearchApp.xcdatamodeld in Sources */ = {isa = PBXBuildFile; fileRef = C53B339E2855DDBA00589719 /* SearchApp.xcdatamodeld */; };
		C53B33A22855DDBC00589719 /* Assets.xcassets in Resources */ = {isa = PBXBuildFile; fileRef = C53B33A12855DDBC00589719 /* Assets.xcassets */; };
		C53B33A52855DDBC00589719 /* LaunchScreen.storyboard in Resources */ = {isa = PBXBuildFile; fileRef = C53B33A32855DDBC00589719 /* LaunchScreen.storyboard */; };
		C53B33B02855DDBD00589719 /* SearchAppTests.swift in Sources */ = {isa = PBXBuildFile; fileRef = C53B33AF2855DDBD00589719 /* SearchAppTests.swift */; };
		C53B33BB2855DDBD00589719 /* SearchAppUITests.swift in Sources */ = {isa = PBXBuildFile; fileRef = C53B33BA2855DDBD00589719 /* SearchAppUITests.swift */; };
		E43BF02AA76B749BFC0F3CC3 /* Pods_SearchApp_SearchAppUITests.framework in Frameworks */ = {isa = PBXBuildFile; fileRef = D97334BA7621D79477DA5197 /* Pods_SearchApp_SearchAppUITests.framework */; };
/* End PBXBuildFile section */

/* Begin PBXContainerItemProxy section */
		C53B33AC2855DDBD00589719 /* PBXContainerItemProxy */ = {
			isa = PBXContainerItemProxy;
			containerPortal = C53B338A2855DDBA00589719 /* Project object */;
			proxyType = 1;
			remoteGlobalIDString = C53B33912855DDBA00589719;
			remoteInfo = SearchApp;
		};
		C53B33B72855DDBD00589719 /* PBXContainerItemProxy */ = {
			isa = PBXContainerItemProxy;
			containerPortal = C53B338A2855DDBA00589719 /* Project object */;
			proxyType = 1;
			remoteGlobalIDString = C53B33912855DDBA00589719;
			remoteInfo = SearchApp;
		};
/* End PBXContainerItemProxy section */

/* Begin PBXFileReference section */
		34F782923519FC378D6DDFC7 /* Pods-SearchApp-SearchAppUITests.debug.xcconfig */ = {isa = PBXFileReference; includeInIndex = 1; lastKnownFileType = text.xcconfig; name = "Pods-SearchApp-SearchAppUITests.debug.xcconfig"; path = "Target Support Files/Pods-SearchApp-SearchAppUITests/Pods-SearchApp-SearchAppUITests.debug.xcconfig"; sourceTree = "<group>"; };
		6379B111D5A26613D821DD33 /* Pods_SearchAppTests.framework */ = {isa = PBXFileReference; explicitFileType = wrapper.framework; includeInIndex = 0; path = Pods_SearchAppTests.framework; sourceTree = BUILT_PRODUCTS_DIR; };
		71F77C9CF71B1E02CD1D8F0B /* Pods-SearchApp.debug.xcconfig */ = {isa = PBXFileReference; includeInIndex = 1; lastKnownFileType = text.xcconfig; name = "Pods-SearchApp.debug.xcconfig"; path = "Target Support Files/Pods-SearchApp/Pods-SearchApp.debug.xcconfig"; sourceTree = "<group>"; };
		95C8380D28589E7C005E9072 /* NewViewController.swift */ = {isa = PBXFileReference; lastKnownFileType = sourcecode.swift; path = NewViewController.swift; sourceTree = "<group>"; };
		95C838102858A63E005E9072 /* imageExtention.swift */ = {isa = PBXFileReference; lastKnownFileType = sourcecode.swift; path = imageExtention.swift; sourceTree = "<group>"; };
		95C90B3F2855F29A003338B1 /* MovieTableViewCell.swift */ = {isa = PBXFileReference; lastKnownFileType = sourcecode.swift; path = MovieTableViewCell.swift; sourceTree = "<group>"; };
		95C90B402855F29A003338B1 /* MovieTableViewCell.xib */ = {isa = PBXFileReference; lastKnownFileType = file.xib; path = MovieTableViewCell.xib; sourceTree = "<group>"; };
		95C90B442855F636003338B1 /* RestClientError.swift */ = {isa = PBXFileReference; lastKnownFileType = sourcecode.swift; path = RestClientError.swift; sourceTree = "<group>"; };
		95C90B462855F6A5003338B1 /* SwiftyJSON.swift */ = {isa = PBXFileReference; lastKnownFileType = sourcecode.swift; path = SwiftyJSON.swift; sourceTree = "<group>"; };
		95C90B482855F6EE003338B1 /* HTTPResponse.swift */ = {isa = PBXFileReference; lastKnownFileType = sourcecode.swift; path = HTTPResponse.swift; sourceTree = "<group>"; };
		95C90B4A2855F723003338B1 /* HTTPService.swift */ = {isa = PBXFileReference; lastKnownFileType = sourcecode.swift; path = HTTPService.swift; sourceTree = "<group>"; };
		95C90B4D2855F7E2003338B1 /* SearchListAPI.swift */ = {isa = PBXFileReference; lastKnownFileType = sourcecode.swift; path = SearchListAPI.swift; sourceTree = "<group>"; };
		95C90B4F2855F952003338B1 /* Movie.swift */ = {isa = PBXFileReference; lastKnownFileType = sourcecode.swift; path = Movie.swift; sourceTree = "<group>"; };
		A091E2F8C04BAC8C10D82490 /* Pods-SearchAppTests.debug.xcconfig */ = {isa = PBXFileReference; includeInIndex = 1; lastKnownFileType = text.xcconfig; name = "Pods-SearchAppTests.debug.xcconfig"; path = "Target Support Files/Pods-SearchAppTests/Pods-SearchAppTests.debug.xcconfig"; sourceTree = "<group>"; };
		A5B882AA77909CA4EFFA8A61 /* Pods_SearchApp.framework */ = {isa = PBXFileReference; explicitFileType = wrapper.framework; includeInIndex = 0; path = Pods_SearchApp.framework; sourceTree = BUILT_PRODUCTS_DIR; };
		A6B79A2ECCBF9C7E5EE7030D /* Pods-SearchApp.release.xcconfig */ = {isa = PBXFileReference; includeInIndex = 1; lastKnownFileType = text.xcconfig; name = "Pods-SearchApp.release.xcconfig"; path = "Target Support Files/Pods-SearchApp/Pods-SearchApp.release.xcconfig"; sourceTree = "<group>"; };
		C53B33922855DDBA00589719 /* SearchApp.app */ = {isa = PBXFileReference; explicitFileType = wrapper.application; includeInIndex = 0; path = SearchApp.app; sourceTree = BUILT_PRODUCTS_DIR; };
		C53B33952855DDBA00589719 /* AppDelegate.swift */ = {isa = PBXFileReference; lastKnownFileType = sourcecode.swift; path = AppDelegate.swift; sourceTree = "<group>"; };
		C53B33972855DDBA00589719 /* SceneDelegate.swift */ = {isa = PBXFileReference; lastKnownFileType = sourcecode.swift; path = SceneDelegate.swift; sourceTree = "<group>"; };
		C53B33992855DDBA00589719 /* ViewController.swift */ = {isa = PBXFileReference; lastKnownFileType = sourcecode.swift; path = ViewController.swift; sourceTree = "<group>"; };
		C53B339C2855DDBA00589719 /* Base */ = {isa = PBXFileReference; lastKnownFileType = file.storyboard; name = Base; path = Base.lproj/Main.storyboard; sourceTree = "<group>"; };
		C53B339F2855DDBA00589719 /* SearchApp.xcdatamodel */ = {isa = PBXFileReference; lastKnownFileType = wrapper.xcdatamodel; path = SearchApp.xcdatamodel; sourceTree = "<group>"; };
		C53B33A12855DDBC00589719 /* Assets.xcassets */ = {isa = PBXFileReference; lastKnownFileType = folder.assetcatalog; path = Assets.xcassets; sourceTree = "<group>"; };
		C53B33A42855DDBC00589719 /* Base */ = {isa = PBXFileReference; lastKnownFileType = file.storyboard; name = Base; path = Base.lproj/LaunchScreen.storyboard; sourceTree = "<group>"; };
		C53B33A62855DDBC00589719 /* Info.plist */ = {isa = PBXFileReference; lastKnownFileType = text.plist.xml; path = Info.plist; sourceTree = "<group>"; };
		C53B33AB2855DDBD00589719 /* SearchAppTests.xctest */ = {isa = PBXFileReference; explicitFileType = wrapper.cfbundle; includeInIndex = 0; path = SearchAppTests.xctest; sourceTree = BUILT_PRODUCTS_DIR; };
		C53B33AF2855DDBD00589719 /* SearchAppTests.swift */ = {isa = PBXFileReference; lastKnownFileType = sourcecode.swift; path = SearchAppTests.swift; sourceTree = "<group>"; };
		C53B33B12855DDBD00589719 /* Info.plist */ = {isa = PBXFileReference; lastKnownFileType = text.plist.xml; path = Info.plist; sourceTree = "<group>"; };
		C53B33B62855DDBD00589719 /* SearchAppUITests.xctest */ = {isa = PBXFileReference; explicitFileType = wrapper.cfbundle; includeInIndex = 0; path = SearchAppUITests.xctest; sourceTree = BUILT_PRODUCTS_DIR; };
		C53B33BA2855DDBD00589719 /* SearchAppUITests.swift */ = {isa = PBXFileReference; lastKnownFileType = sourcecode.swift; path = SearchAppUITests.swift; sourceTree = "<group>"; };
		C53B33BC2855DDBD00589719 /* Info.plist */ = {isa = PBXFileReference; lastKnownFileType = text.plist.xml; path = Info.plist; sourceTree = "<group>"; };
		D97334BA7621D79477DA5197 /* Pods_SearchApp_SearchAppUITests.framework */ = {isa = PBXFileReference; explicitFileType = wrapper.framework; includeInIndex = 0; path = Pods_SearchApp_SearchAppUITests.framework; sourceTree = BUILT_PRODUCTS_DIR; };
		E3E0127DACE48EAE0279DF91 /* Pods-SearchApp-SearchAppUITests.release.xcconfig */ = {isa = PBXFileReference; includeInIndex = 1; lastKnownFileType = text.xcconfig; name = "Pods-SearchApp-SearchAppUITests.release.xcconfig"; path = "Target Support Files/Pods-SearchApp-SearchAppUITests/Pods-SearchApp-SearchAppUITests.release.xcconfig"; sourceTree = "<group>"; };
		F235E4DE82E38F03E938A5A7 /* Pods-SearchAppTests.release.xcconfig */ = {isa = PBXFileReference; includeInIndex = 1; lastKnownFileType = text.xcconfig; name = "Pods-SearchAppTests.release.xcconfig"; path = "Target Support Files/Pods-SearchAppTests/Pods-SearchAppTests.release.xcconfig"; sourceTree = "<group>"; };
/* End PBXFileReference section */

/* Begin PBXFrameworksBuildPhase section */
		C53B338F2855DDBA00589719 /* Frameworks */ = {
			isa = PBXFrameworksBuildPhase;
			buildActionMask = 2147483647;
			files = (
				7A710372B3DCCDB0996C89E3 /* Pods_SearchApp.framework in Frameworks */,
			);
			runOnlyForDeploymentPostprocessing = 0;
		};
		C53B33A82855DDBD00589719 /* Frameworks */ = {
			isa = PBXFrameworksBuildPhase;
			buildActionMask = 2147483647;
			files = (
				ADC4C1818B8C031B7B36ED3C /* Pods_SearchAppTests.framework in Frameworks */,
			);
			runOnlyForDeploymentPostprocessing = 0;
		};
		C53B33B32855DDBD00589719 /* Frameworks */ = {
			isa = PBXFrameworksBuildPhase;
			buildActionMask = 2147483647;
			files = (
				E43BF02AA76B749BFC0F3CC3 /* Pods_SearchApp_SearchAppUITests.framework in Frameworks */,
			);
			runOnlyForDeploymentPostprocessing = 0;
		};
/* End PBXFrameworksBuildPhase section */

/* Begin PBXGroup section */
		14DC5E9F66CBE9022F014ECA /* Frameworks */ = {
			isa = PBXGroup;
			children = (
				A5B882AA77909CA4EFFA8A61 /* Pods_SearchApp.framework */,
				D97334BA7621D79477DA5197 /* Pods_SearchApp_SearchAppUITests.framework */,
				6379B111D5A26613D821DD33 /* Pods_SearchAppTests.framework */,
			);
			name = Frameworks;
			sourceTree = "<group>";
		};
		95C8380F2858A629005E9072 /* Extention */ = {
			isa = PBXGroup;
			children = (
				95C838102858A63E005E9072 /* imageExtention.swift */,
			);
			path = Extention;
			sourceTree = "<group>";
		};
		95C90B3C2855F25C003338B1 /* View */ = {
			isa = PBXGroup;
			children = (
				95C8380F2858A629005E9072 /* Extention */,
				95C90B3E2855F27F003338B1 /* Cell */,
			);
			path = View;
			sourceTree = "<group>";
		};
		95C90B3D2855F26E003338B1 /* Model */ = {
			isa = PBXGroup;
			children = (
				95C90B4F2855F952003338B1 /* Movie.swift */,
			);
			path = Model;
			sourceTree = "<group>";
		};
		95C90B3E2855F27F003338B1 /* Cell */ = {
			isa = PBXGroup;
			children = (
				95C90B3F2855F29A003338B1 /* MovieTableViewCell.swift */,
				95C90B402855F29A003338B1 /* MovieTableViewCell.xib */,
			);
			path = Cell;
			sourceTree = "<group>";
		};
		95C90B432855F5F3003338B1 /* Network */ = {
			isa = PBXGroup;
			children = (
				95C90B4C2855F7BB003338B1 /* API */,
				95C90B442855F636003338B1 /* RestClientError.swift */,
				95C90B462855F6A5003338B1 /* SwiftyJSON.swift */,
				95C90B482855F6EE003338B1 /* HTTPResponse.swift */,
				95C90B4A2855F723003338B1 /* HTTPService.swift */,
			);
			path = Network;
			sourceTree = "<group>";
		};
		95C90B4C2855F7BB003338B1 /* API */ = {
			isa = PBXGroup;
			children = (
				95C90B4D2855F7E2003338B1 /* SearchListAPI.swift */,
			);
			path = API;
			sourceTree = "<group>";
		};
		B4E9323BEB86D2F64AA0D215 /* Pods */ = {
			isa = PBXGroup;
			children = (
				71F77C9CF71B1E02CD1D8F0B /* Pods-SearchApp.debug.xcconfig */,
				A6B79A2ECCBF9C7E5EE7030D /* Pods-SearchApp.release.xcconfig */,
				34F782923519FC378D6DDFC7 /* Pods-SearchApp-SearchAppUITests.debug.xcconfig */,
				E3E0127DACE48EAE0279DF91 /* Pods-SearchApp-SearchAppUITests.release.xcconfig */,
				A091E2F8C04BAC8C10D82490 /* Pods-SearchAppTests.debug.xcconfig */,
				F235E4DE82E38F03E938A5A7 /* Pods-SearchAppTests.release.xcconfig */,
			);
			path = Pods;
			sourceTree = "<group>";
		};
		C53B33892855DDBA00589719 = {
			isa = PBXGroup;
			children = (
				C53B33942855DDBA00589719 /* SearchApp */,
				C53B33AE2855DDBD00589719 /* SearchAppTests */,
				C53B33B92855DDBD00589719 /* SearchAppUITests */,
				C53B33932855DDBA00589719 /* Products */,
				B4E9323BEB86D2F64AA0D215 /* Pods */,
				14DC5E9F66CBE9022F014ECA /* Frameworks */,
			);
			sourceTree = "<group>";
		};
		C53B33932855DDBA00589719 /* Products */ = {
			isa = PBXGroup;
			children = (
				C53B33922855DDBA00589719 /* SearchApp.app */,
				C53B33AB2855DDBD00589719 /* SearchAppTests.xctest */,
				C53B33B62855DDBD00589719 /* SearchAppUITests.xctest */,
			);
			name = Products;
			sourceTree = "<group>";
		};
		C53B33942855DDBA00589719 /* SearchApp */ = {
			isa = PBXGroup;
			children = (
				95C90B432855F5F3003338B1 /* Network */,
				95C90B3D2855F26E003338B1 /* Model */,
				95C90B3C2855F25C003338B1 /* View */,
				C53B33952855DDBA00589719 /* AppDelegate.swift */,
				C53B33972855DDBA00589719 /* SceneDelegate.swift */,
				C53B33992855DDBA00589719 /* ViewController.swift */,
				95C8380D28589E7C005E9072 /* NewViewController.swift */,
				C53B339B2855DDBA00589719 /* Main.storyboard */,
				C53B33A12855DDBC00589719 /* Assets.xcassets */,
				C53B33A32855DDBC00589719 /* LaunchScreen.storyboard */,
				C53B33A62855DDBC00589719 /* Info.plist */,
				C53B339E2855DDBA00589719 /* SearchApp.xcdatamodeld */,
			);
			path = SearchApp;
			sourceTree = "<group>";
		};
		C53B33AE2855DDBD00589719 /* SearchAppTests */ = {
			isa = PBXGroup;
			children = (
				C53B33AF2855DDBD00589719 /* SearchAppTests.swift */,
				C53B33B12855DDBD00589719 /* Info.plist */,
			);
			path = SearchAppTests;
			sourceTree = "<group>";
		};
		C53B33B92855DDBD00589719 /* SearchAppUITests */ = {
			isa = PBXGroup;
			children = (
				C53B33BA2855DDBD00589719 /* SearchAppUITests.swift */,
				C53B33BC2855DDBD00589719 /* Info.plist */,
			);
			path = SearchAppUITests;
			sourceTree = "<group>";
		};
/* End PBXGroup section */

/* Begin PBXNativeTarget section */
		C53B33912855DDBA00589719 /* SearchApp */ = {
			isa = PBXNativeTarget;
			buildConfigurationList = C53B33BF2855DDBD00589719 /* Build configuration list for PBXNativeTarget "SearchApp" */;
			buildPhases = (
				7E6CA804B6DC3EE35BD8507A /* [CP] Check Pods Manifest.lock */,
				C53B338E2855DDBA00589719 /* Sources */,
				C53B338F2855DDBA00589719 /* Frameworks */,
				C53B33902855DDBA00589719 /* Resources */,
				2AFC71F4080C76F5A5C8D8AE /* [CP] Embed Pods Frameworks */,
			);
			buildRules = (
			);
			dependencies = (
			);
			name = SearchApp;
			productName = SearchApp;
			productReference = C53B33922855DDBA00589719 /* SearchApp.app */;
			productType = "com.apple.product-type.application";
		};
		C53B33AA2855DDBD00589719 /* SearchAppTests */ = {
			isa = PBXNativeTarget;
			buildConfigurationList = C53B33C22855DDBD00589719 /* Build configuration list for PBXNativeTarget "SearchAppTests" */;
			buildPhases = (
				15B9F9B0680512E1E0295BAC /* [CP] Check Pods Manifest.lock */,
				C53B33A72855DDBD00589719 /* Sources */,
				C53B33A82855DDBD00589719 /* Frameworks */,
				C53B33A92855DDBD00589719 /* Resources */,
			);
			buildRules = (
			);
			dependencies = (
				C53B33AD2855DDBD00589719 /* PBXTargetDependency */,
			);
			name = SearchAppTests;
			productName = SearchAppTests;
			productReference = C53B33AB2855DDBD00589719 /* SearchAppTests.xctest */;
			productType = "com.apple.product-type.bundle.unit-test";
		};
		C53B33B52855DDBD00589719 /* SearchAppUITests */ = {
			isa = PBXNativeTarget;
			buildConfigurationList = C53B33C52855DDBD00589719 /* Build configuration list for PBXNativeTarget "SearchAppUITests" */;
			buildPhases = (
				CB1E50F7442EA98EEEF5A5B2 /* [CP] Check Pods Manifest.lock */,
				C53B33B22855DDBD00589719 /* Sources */,
				C53B33B32855DDBD00589719 /* Frameworks */,
				C53B33B42855DDBD00589719 /* Resources */,
				CBE210B02E2DCC68CBEBB592 /* [CP] Embed Pods Frameworks */,
			);
			buildRules = (
			);
			dependencies = (
				C53B33B82855DDBD00589719 /* PBXTargetDependency */,
			);
			name = SearchAppUITests;
			productName = SearchAppUITests;
			productReference = C53B33B62855DDBD00589719 /* SearchAppUITests.xctest */;
			productType = "com.apple.product-type.bundle.ui-testing";
		};
/* End PBXNativeTarget section */

/* Begin PBXProject section */
		C53B338A2855DDBA00589719 /* Project object */ = {
			isa = PBXProject;
			attributes = {
				LastSwiftUpdateCheck = 1130;
				LastUpgradeCheck = 1130;
				ORGANIZATIONNAME = ncs;
				TargetAttributes = {
					C53B33912855DDBA00589719 = {
						CreatedOnToolsVersion = 11.3.1;
					};
					C53B33AA2855DDBD00589719 = {
						CreatedOnToolsVersion = 11.3.1;
						TestTargetID = C53B33912855DDBA00589719;
					};
					C53B33B52855DDBD00589719 = {
						CreatedOnToolsVersion = 11.3.1;
						TestTargetID = C53B33912855DDBA00589719;
					};
				};
			};
			buildConfigurationList = C53B338D2855DDBA00589719 /* Build configuration list for PBXProject "SearchApp" */;
			compatibilityVersion = "Xcode 9.3";
			developmentRegion = en;
			hasScannedForEncodings = 0;
			knownRegions = (
				en,
				Base,
			);
			mainGroup = C53B33892855DDBA00589719;
			productRefGroup = C53B33932855DDBA00589719 /* Products */;
			projectDirPath = "";
			projectRoot = "";
			targets = (
				C53B33912855DDBA00589719 /* SearchApp */,
				C53B33AA2855DDBD00589719 /* SearchAppTests */,
				C53B33B52855DDBD00589719 /* SearchAppUITests */,
			);
		};
/* End PBXProject section */

/* Begin PBXResourcesBuildPhase section */
		C53B33902855DDBA00589719 /* Resources */ = {
			isa = PBXResourcesBuildPhase;
			buildActionMask = 2147483647;
			files = (
				C53B33A52855DDBC00589719 /* LaunchScreen.storyboard in Resources */,
				C53B33A22855DDBC00589719 /* Assets.xcassets in Resources */,
				95C90B422855F29A003338B1 /* MovieTableViewCell.xib in Resources */,
				C53B339D2855DDBA00589719 /* Main.storyboard in Resources */,
			);
			runOnlyForDeploymentPostprocessing = 0;
		};
		C53B33A92855DDBD00589719 /* Resources */ = {
			isa = PBXResourcesBuildPhase;
			buildActionMask = 2147483647;
			files = (
			);
			runOnlyForDeploymentPostprocessing = 0;
		};
		C53B33B42855DDBD00589719 /* Resources */ = {
			isa = PBXResourcesBuildPhase;
			buildActionMask = 2147483647;
			files = (
			);
			runOnlyForDeploymentPostprocessing = 0;
		};
/* End PBXResourcesBuildPhase section */

/* Begin PBXShellScriptBuildPhase section */
		15B9F9B0680512E1E0295BAC /* [CP] Check Pods Manifest.lock */ = {
			isa = PBXShellScriptBuildPhase;
			buildActionMask = 2147483647;
			files = (
			);
			inputFileListPaths = (
			);
			inputPaths = (
				"${PODS_PODFILE_DIR_PATH}/Podfile.lock",
				"${PODS_ROOT}/Manifest.lock",
			);
			name = "[CP] Check Pods Manifest.lock";
			outputFileListPaths = (
			);
			outputPaths = (
				"$(DERIVED_FILE_DIR)/Pods-SearchAppTests-checkManifestLockResult.txt",
			);
			runOnlyForDeploymentPostprocessing = 0;
			shellPath = /bin/sh;
			shellScript = "diff \"${PODS_PODFILE_DIR_PATH}/Podfile.lock\" \"${PODS_ROOT}/Manifest.lock\" > /dev/null\nif [ $? != 0 ] ; then\n    # print error to STDERR\n    echo \"error: The sandbox is not in sync with the Podfile.lock. Run 'pod install' or update your CocoaPods installation.\" >&2\n    exit 1\nfi\n# This output is used by Xcode 'outputs' to avoid re-running this script phase.\necho \"SUCCESS\" > \"${SCRIPT_OUTPUT_FILE_0}\"\n";
			showEnvVarsInLog = 0;
		};
		2AFC71F4080C76F5A5C8D8AE /* [CP] Embed Pods Frameworks */ = {
			isa = PBXShellScriptBuildPhase;
			buildActionMask = 2147483647;
			files = (
			);
			inputFileListPaths = (
				"${PODS_ROOT}/Target Support Files/Pods-SearchApp/Pods-SearchApp-frameworks-${CONFIGURATION}-input-files.xcfilelist",
			);
			name = "[CP] Embed Pods Frameworks";
			outputFileListPaths = (
				"${PODS_ROOT}/Target Support Files/Pods-SearchApp/Pods-SearchApp-frameworks-${CONFIGURATION}-output-files.xcfilelist",
			);
			runOnlyForDeploymentPostprocessing = 0;
			shellPath = /bin/sh;
			shellScript = "\"${PODS_ROOT}/Target Support Files/Pods-SearchApp/Pods-SearchApp-frameworks.sh\"\n";
			showEnvVarsInLog = 0;
		};
		7E6CA804B6DC3EE35BD8507A /* [CP] Check Pods Manifest.lock */ = {
			isa = PBXShellScriptBuildPhase;
			buildActionMask = 2147483647;
			files = (
			);
			inputFileListPaths = (
			);
			inputPaths = (
				"${PODS_PODFILE_DIR_PATH}/Podfile.lock",
				"${PODS_ROOT}/Manifest.lock",
			);
			name = "[CP] Check Pods Manifest.lock";
			outputFileListPaths = (
			);
			outputPaths = (
				"$(DERIVED_FILE_DIR)/Pods-SearchApp-checkManifestLockResult.txt",
			);
			runOnlyForDeploymentPostprocessing = 0;
			shellPath = /bin/sh;
			shellScript = "diff \"${PODS_PODFILE_DIR_PATH}/Podfile.lock\" \"${PODS_ROOT}/Manifest.lock\" > /dev/null\nif [ $? != 0 ] ; then\n    # print error to STDERR\n    echo \"error: The sandbox is not in sync with the Podfile.lock. Run 'pod install' or update your CocoaPods installation.\" >&2\n    exit 1\nfi\n# This output is used by Xcode 'outputs' to avoid re-running this script phase.\necho \"SUCCESS\" > \"${SCRIPT_OUTPUT_FILE_0}\"\n";
			showEnvVarsInLog = 0;
		};
		CB1E50F7442EA98EEEF5A5B2 /* [CP] Check Pods Manifest.lock */ = {
			isa = PBXShellScriptBuildPhase;
			buildActionMask = 2147483647;
			files = (
			);
			inputFileListPaths = (
			);
			inputPaths = (
				"${PODS_PODFILE_DIR_PATH}/Podfile.lock",
				"${PODS_ROOT}/Manifest.lock",
			);
			name = "[CP] Check Pods Manifest.lock";
			outputFileListPaths = (
			);
			outputPaths = (
				"$(DERIVED_FILE_DIR)/Pods-SearchApp-SearchAppUITests-checkManifestLockResult.txt",
			);
			runOnlyForDeploymentPostprocessing = 0;
			shellPath = /bin/sh;
			shellScript = "diff \"${PODS_PODFILE_DIR_PATH}/Podfile.lock\" \"${PODS_ROOT}/Manifest.lock\" > /dev/null\nif [ $? != 0 ] ; then\n    # print error to STDERR\n    echo \"error: The sandbox is not in sync with the Podfile.lock. Run 'pod install' or update your CocoaPods installation.\" >&2\n    exit 1\nfi\n# This output is used by Xcode 'outputs' to avoid re-running this script phase.\necho \"SUCCESS\" > \"${SCRIPT_OUTPUT_FILE_0}\"\n";
			showEnvVarsInLog = 0;
		};
		CBE210B02E2DCC68CBEBB592 /* [CP] Embed Pods Frameworks */ = {
			isa = PBXShellScriptBuildPhase;
			buildActionMask = 2147483647;
			files = (
			);
			inputFileListPaths = (
				"${PODS_ROOT}/Target Support Files/Pods-SearchApp-SearchAppUITests/Pods-SearchApp-SearchAppUITests-frameworks-${CONFIGURATION}-input-files.xcfilelist",
			);
			name = "[CP] Embed Pods Frameworks";
			outputFileListPaths = (
				"${PODS_ROOT}/Target Support Files/Pods-SearchApp-SearchAppUITests/Pods-SearchApp-SearchAppUITests-frameworks-${CONFIGURATION}-output-files.xcfilelist",
			);
			runOnlyForDeploymentPostprocessing = 0;
			shellPath = /bin/sh;
			shellScript = "\"${PODS_ROOT}/Target Support Files/Pods-SearchApp-SearchAppUITests/Pods-SearchApp-SearchAppUITests-frameworks.sh\"\n";
			showEnvVarsInLog = 0;
		};
/* End PBXShellScriptBuildPhase section */

/* Begin PBXSourcesBuildPhase section */
		C53B338E2855DDBA00589719 /* Sources */ = {
			isa = PBXSourcesBuildPhase;
			buildActionMask = 2147483647;
			files = (
				95C90B412855F29A003338B1 /* MovieTableViewCell.swift in Sources */,
				C53B339A2855DDBA00589719 /* ViewController.swift in Sources */,
				C53B33A02855DDBA00589719 /* SearchApp.xcdatamodeld in Sources */,
				95C8380E28589E7C005E9072 /* NewViewController.swift in Sources */,
				95C90B452855F636003338B1 /* RestClientError.swift in Sources */,
				95C90B492855F6EE003338B1 /* HTTPResponse.swift in Sources */,
				C53B33962855DDBA00589719 /* AppDelegate.swift in Sources */,
				95C90B4E2855F7E2003338B1 /* SearchListAPI.swift in Sources */,
				95C90B4B2855F723003338B1 /* HTTPService.swift in Sources */,
				95C90B472855F6A5003338B1 /* SwiftyJSON.swift in Sources */,
				95C90B502855F952003338B1 /* Movie.swift in Sources */,
				C53B33982855DDBA00589719 /* SceneDelegate.swift in Sources */,
				95C838112858A63E005E9072 /* imageExtention.swift in Sources */,
			);
			runOnlyForDeploymentPostprocessing = 0;
		};
		C53B33A72855DDBD00589719 /* Sources */ = {
			isa = PBXSourcesBuildPhase;
			buildActionMask = 2147483647;
			files = (
				C53B33B02855DDBD00589719 /* SearchAppTests.swift in Sources */,
			);
			runOnlyForDeploymentPostprocessing = 0;
		};
		C53B33B22855DDBD00589719 /* Sources */ = {
			isa = PBXSourcesBuildPhase;
			buildActionMask = 2147483647;
			files = (
				C53B33BB2855DDBD00589719 /* SearchAppUITests.swift in Sources */,
			);
			runOnlyForDeploymentPostprocessing = 0;
		};
/* End PBXSourcesBuildPhase section */

/* Begin PBXTargetDependency section */
		C53B33AD2855DDBD00589719 /* PBXTargetDependency */ = {
			isa = PBXTargetDependency;
			target = C53B33912855DDBA00589719 /* SearchApp */;
			targetProxy = C53B33AC2855DDBD00589719 /* PBXContainerItemProxy */;
		};
		C53B33B82855DDBD00589719 /* PBXTargetDependency */ = {
			isa = PBXTargetDependency;
			target = C53B33912855DDBA00589719 /* SearchApp */;
			targetProxy = C53B33B72855DDBD00589719 /* PBXContainerItemProxy */;
		};
/* End PBXTargetDependency section */

/* Begin PBXVariantGroup section */
		C53B339B2855DDBA00589719 /* Main.storyboard */ = {
			isa = PBXVariantGroup;
			children = (
				C53B339C2855DDBA00589719 /* Base */,
			);
			name = Main.storyboard;
			sourceTree = "<group>";
		};
		C53B33A32855DDBC00589719 /* LaunchScreen.storyboard */ = {
			isa = PBXVariantGroup;
			children = (
				C53B33A42855DDBC00589719 /* Base */,
			);
			name = LaunchScreen.storyboard;
			sourceTree = "<group>";
		};
/* End PBXVariantGroup section */

/* Begin XCBuildConfiguration section */
		C53B33BD2855DDBD00589719 /* Debug */ = {
			isa = XCBuildConfiguration;
			buildSettings = {
				ALWAYS_SEARCH_USER_PATHS = NO;
				CLANG_ANALYZER_NONNULL = YES;
				CLANG_ANALYZER_NUMBER_OBJECT_CONVERSION = YES_AGGRESSIVE;
				CLANG_CXX_LANGUAGE_STANDARD = "gnu++14";
				CLANG_CXX_LIBRARY = "libc++";
				CLANG_ENABLE_MODULES = YES;
				CLANG_ENABLE_OBJC_ARC = YES;
				CLANG_ENABLE_OBJC_WEAK = YES;
				CLANG_WARN_BLOCK_CAPTURE_AUTORELEASING = YES;
				CLANG_WARN_BOOL_CONVERSION = YES;
				CLANG_WARN_COMMA = YES;
				CLANG_WARN_CONSTANT_CONVERSION = YES;
				CLANG_WARN_DEPRECATED_OBJC_IMPLEMENTATIONS = YES;
				CLANG_WARN_DIRECT_OBJC_ISA_USAGE = YES_ERROR;
				CLANG_WARN_DOCUMENTATION_COMMENTS = YES;
				CLANG_WARN_EMPTY_BODY = YES;
				CLANG_WARN_ENUM_CONVERSION = YES;
				CLANG_WARN_INFINITE_RECURSION = YES;
				CLANG_WARN_INT_CONVERSION = YES;
				CLANG_WARN_NON_LITERAL_NULL_CONVERSION = YES;
				CLANG_WARN_OBJC_IMPLICIT_RETAIN_SELF = YES;
				CLANG_WARN_OBJC_LITERAL_CONVERSION = YES;
				CLANG_WARN_OBJC_ROOT_CLASS = YES_ERROR;
				CLANG_WARN_RANGE_LOOP_ANALYSIS = YES;
				CLANG_WARN_STRICT_PROTOTYPES = YES;
				CLANG_WARN_SUSPICIOUS_MOVE = YES;
				CLANG_WARN_UNGUARDED_AVAILABILITY = YES_AGGRESSIVE;
				CLANG_WARN_UNREACHABLE_CODE = YES;
				CLANG_WARN__DUPLICATE_METHOD_MATCH = YES;
				COPY_PHASE_STRIP = NO;
				DEBUG_INFORMATION_FORMAT = dwarf;
				ENABLE_STRICT_OBJC_MSGSEND = YES;
				ENABLE_TESTABILITY = YES;
				GCC_C_LANGUAGE_STANDARD = gnu11;
				GCC_DYNAMIC_NO_PIC = NO;
				GCC_NO_COMMON_BLOCKS = YES;
				GCC_OPTIMIZATION_LEVEL = 0;
				GCC_PREPROCESSOR_DEFINITIONS = (
					"DEBUG=1",
					"$(inherited)",
				);
				GCC_WARN_64_TO_32_BIT_CONVERSION = YES;
				GCC_WARN_ABOUT_RETURN_TYPE = YES_ERROR;
				GCC_WARN_UNDECLARED_SELECTOR = YES;
				GCC_WARN_UNINITIALIZED_AUTOS = YES_AGGRESSIVE;
				GCC_WARN_UNUSED_FUNCTION = YES;
				GCC_WARN_UNUSED_VARIABLE = YES;
				IPHONEOS_DEPLOYMENT_TARGET = 13.2;
				MTL_ENABLE_DEBUG_INFO = INCLUDE_SOURCE;
				MTL_FAST_MATH = YES;
				ONLY_ACTIVE_ARCH = YES;
				SDKROOT = iphoneos;
				SWIFT_ACTIVE_COMPILATION_CONDITIONS = DEBUG;
				SWIFT_OPTIMIZATION_LEVEL = "-Onone";
			};
			name = Debug;
		};
		C53B33BE2855DDBD00589719 /* Release */ = {
			isa = XCBuildConfiguration;
			buildSettings = {
				ALWAYS_SEARCH_USER_PATHS = NO;
				CLANG_ANALYZER_NONNULL = YES;
				CLANG_ANALYZER_NUMBER_OBJECT_CONVERSION = YES_AGGRESSIVE;
				CLANG_CXX_LANGUAGE_STANDARD = "gnu++14";
				CLANG_CXX_LIBRARY = "libc++";
				CLANG_ENABLE_MODULES = YES;
				CLANG_ENABLE_OBJC_ARC = YES;
				CLANG_ENABLE_OBJC_WEAK = YES;
				CLANG_WARN_BLOCK_CAPTURE_AUTORELEASING = YES;
				CLANG_WARN_BOOL_CONVERSION = YES;
				CLANG_WARN_COMMA = YES;
				CLANG_WARN_CONSTANT_CONVERSION = YES;
				CLANG_WARN_DEPRECATED_OBJC_IMPLEMENTATIONS = YES;
				CLANG_WARN_DIRECT_OBJC_ISA_USAGE = YES_ERROR;
				CLANG_WARN_DOCUMENTATION_COMMENTS = YES;
				CLANG_WARN_EMPTY_BODY = YES;
				CLANG_WARN_ENUM_CONVERSION = YES;
				CLANG_WARN_INFINITE_RECURSION = YES;
				CLANG_WARN_INT_CONVERSION = YES;
				CLANG_WARN_NON_LITERAL_NULL_CONVERSION = YES;
				CLANG_WARN_OBJC_IMPLICIT_RETAIN_SELF = YES;
				CLANG_WARN_OBJC_LITERAL_CONVERSION = YES;
				CLANG_WARN_OBJC_ROOT_CLASS = YES_ERROR;
				CLANG_WARN_RANGE_LOOP_ANALYSIS = YES;
				CLANG_WARN_STRICT_PROTOTYPES = YES;
				CLANG_WARN_SUSPICIOUS_MOVE = YES;
				CLANG_WARN_UNGUARDED_AVAILABILITY = YES_AGGRESSIVE;
				CLANG_WARN_UNREACHABLE_CODE = YES;
				CLANG_WARN__DUPLICATE_METHOD_MATCH = YES;
				COPY_PHASE_STRIP = NO;
				DEBUG_INFORMATION_FORMAT = "dwarf-with-dsym";
				ENABLE_NS_ASSERTIONS = NO;
				ENABLE_STRICT_OBJC_MSGSEND = YES;
				GCC_C_LANGUAGE_STANDARD = gnu11;
				GCC_NO_COMMON_BLOCKS = YES;
				GCC_WARN_64_TO_32_BIT_CONVERSION = YES;
				GCC_WARN_ABOUT_RETURN_TYPE = YES_ERROR;
				GCC_WARN_UNDECLARED_SELECTOR = YES;
				GCC_WARN_UNINITIALIZED_AUTOS = YES_AGGRESSIVE;
				GCC_WARN_UNUSED_FUNCTION = YES;
				GCC_WARN_UNUSED_VARIABLE = YES;
				IPHONEOS_DEPLOYMENT_TARGET = 13.2;
				MTL_ENABLE_DEBUG_INFO = NO;
				MTL_FAST_MATH = YES;
				SDKROOT = iphoneos;
				SWIFT_COMPILATION_MODE = wholemodule;
				SWIFT_OPTIMIZATION_LEVEL = "-O";
				VALIDATE_PRODUCT = YES;
			};
			name = Release;
		};
		C53B33C02855DDBD00589719 /* Debug */ = {
			isa = XCBuildConfiguration;
			baseConfigurationReference = 71F77C9CF71B1E02CD1D8F0B /* Pods-SearchApp.debug.xcconfig */;
			buildSettings = {
				ASSETCATALOG_COMPILER_APPICON_NAME = AppIcon;
				CODE_SIGN_STYLE = Automatic;
				INFOPLIST_FILE = SearchApp/Info.plist;
				LD_RUNPATH_SEARCH_PATHS = (
					"$(inherited)",
					"@executable_path/Frameworks",
				);
				PRODUCT_BUNDLE_IDENTIFIER = com.ncs.SearchApp;
				PRODUCT_NAME = "$(TARGET_NAME)";
				SWIFT_VERSION = 5.0;
				TARGETED_DEVICE_FAMILY = "1,2";
			};
			name = Debug;
		};
		C53B33C12855DDBD00589719 /* Release */ = {
			isa = XCBuildConfiguration;
			baseConfigurationReference = A6B79A2ECCBF9C7E5EE7030D /* Pods-SearchApp.release.xcconfig */;
			buildSettings = {
				ASSETCATALOG_COMPILER_APPICON_NAME = AppIcon;
				CODE_SIGN_STYLE = Automatic;
				INFOPLIST_FILE = SearchApp/Info.plist;
				LD_RUNPATH_SEARCH_PATHS = (
					"$(inherited)",
					"@executable_path/Frameworks",
				);
				PRODUCT_BUNDLE_IDENTIFIER = com.ncs.SearchApp;
				PRODUCT_NAME = "$(TARGET_NAME)";
				SWIFT_VERSION = 5.0;
				TARGETED_DEVICE_FAMILY = "1,2";
			};
			name = Release;
		};
		C53B33C32855DDBD00589719 /* Debug */ = {
			isa = XCBuildConfiguration;
			baseConfigurationReference = A091E2F8C04BAC8C10D82490 /* Pods-SearchAppTests.debug.xcconfig */;
			buildSettings = {
				ALWAYS_EMBED_SWIFT_STANDARD_LIBRARIES = YES;
				BUNDLE_LOADER = "$(TEST_HOST)";
				CODE_SIGN_STYLE = Automatic;
				INFOPLIST_FILE = SearchAppTests/Info.plist;
				IPHONEOS_DEPLOYMENT_TARGET = 13.2;
				LD_RUNPATH_SEARCH_PATHS = (
					"$(inherited)",
					"@executable_path/Frameworks",
					"@loader_path/Frameworks",
				);
				PRODUCT_BUNDLE_IDENTIFIER = com.ncs.SearchAppTests;
				PRODUCT_NAME = "$(TARGET_NAME)";
				SWIFT_VERSION = 5.0;
				TARGETED_DEVICE_FAMILY = "1,2";
				TEST_HOST = "$(BUILT_PRODUCTS_DIR)/SearchApp.app/SearchApp";
			};
			name = Debug;
		};
		C53B33C42855DDBD00589719 /* Release */ = {
			isa = XCBuildConfiguration;
			baseConfigurationReference = F235E4DE82E38F03E938A5A7 /* Pods-SearchAppTests.release.xcconfig */;
			buildSettings = {
				ALWAYS_EMBED_SWIFT_STANDARD_LIBRARIES = YES;
				BUNDLE_LOADER = "$(TEST_HOST)";
				CODE_SIGN_STYLE = Automatic;
				INFOPLIST_FILE = SearchAppTests/Info.plist;
				IPHONEOS_DEPLOYMENT_TARGET = 13.2;
				LD_RUNPATH_SEARCH_PATHS = (
					"$(inherited)",
					"@executable_path/Frameworks",
					"@loader_path/Frameworks",
				);
				PRODUCT_BUNDLE_IDENTIFIER = com.ncs.SearchAppTests;
				PRODUCT_NAME = "$(TARGET_NAME)";
				SWIFT_VERSION = 5.0;
				TARGETED_DEVICE_FAMILY = "1,2";
				TEST_HOST = "$(BUILT_PRODUCTS_DIR)/SearchApp.app/SearchApp";
			};
			name = Release;
		};
		C53B33C62855DDBD00589719 /* Debug */ = {
			isa = XCBuildConfiguration;
			baseConfigurationReference = 34F782923519FC378D6DDFC7 /* Pods-SearchApp-SearchAppUITests.debug.xcconfig */;
			buildSettings = {
				ALWAYS_EMBED_SWIFT_STANDARD_LIBRARIES = YES;
				CODE_SIGN_STYLE = Automatic;
				INFOPLIST_FILE = SearchAppUITests/Info.plist;
				LD_RUNPATH_SEARCH_PATHS = (
					"$(inherited)",
					"@executable_path/Frameworks",
					"@loader_path/Frameworks",
				);
				PRODUCT_BUNDLE_IDENTIFIER = com.ncs.SearchAppUITests;
				PRODUCT_NAME = "$(TARGET_NAME)";
				SWIFT_VERSION = 5.0;
				TARGETED_DEVICE_FAMILY = "1,2";
				TEST_TARGET_NAME = SearchApp;
			};
			name = Debug;
		};
		C53B33C72855DDBD00589719 /* Release */ = {
			isa = XCBuildConfiguration;
			baseConfigurationReference = E3E0127DACE48EAE0279DF91 /* Pods-SearchApp-SearchAppUITests.release.xcconfig */;
			buildSettings = {
				ALWAYS_EMBED_SWIFT_STANDARD_LIBRARIES = YES;
				CODE_SIGN_STYLE = Automatic;
				INFOPLIST_FILE = SearchAppUITests/Info.plist;
				LD_RUNPATH_SEARCH_PATHS = (
					"$(inherited)",
					"@executable_path/Frameworks",
					"@loader_path/Frameworks",
				);
				PRODUCT_BUNDLE_IDENTIFIER = com.ncs.SearchAppUITests;
				PRODUCT_NAME = "$(TARGET_NAME)";
				SWIFT_VERSION = 5.0;
				TARGETED_DEVICE_FAMILY = "1,2";
				TEST_TARGET_NAME = SearchApp;
			};
			name = Release;
		};
/* End XCBuildConfiguration section */

/* Begin XCConfigurationList section */
		C53B338D2855DDBA00589719 /* Build configuration list for PBXProject "SearchApp" */ = {
			isa = XCConfigurationList;
			buildConfigurations = (
				C53B33BD2855DDBD00589719 /* Debug */,
				C53B33BE2855DDBD00589719 /* Release */,
			);
			defaultConfigurationIsVisible = 0;
			defaultConfigurationName = Release;
		};
		C53B33BF2855DDBD00589719 /* Build configuration list for PBXNativeTarget "SearchApp" */ = {
			isa = XCConfigurationList;
			buildConfigurations = (
				C53B33C02855DDBD00589719 /* Debug */,
				C53B33C12855DDBD00589719 /* Release */,
			);
			defaultConfigurationIsVisible = 0;
			defaultConfigurationName = Release;
		};
		C53B33C22855DDBD00589719 /* Build configuration list for PBXNativeTarget "SearchAppTests" */ = {
			isa = XCConfigurationList;
			buildConfigurations = (
				C53B33C32855DDBD00589719 /* Debug */,
				C53B33C42855DDBD00589719 /* Release */,
			);
			defaultConfigurationIsVisible = 0;
			defaultConfigurationName = Release;
		};
		C53B33C52855DDBD00589719 /* Build configuration list for PBXNativeTarget "SearchAppUITests" */ = {
			isa = XCConfigurationList;
			buildConfigurations = (
				C53B33C62855DDBD00589719 /* Debug */,
				C53B33C72855DDBD00589719 /* Release */,
			);
			defaultConfigurationIsVisible = 0;
			defaultConfigurationName = Release;
		};
/* End XCConfigurationList section */

/* Begin XCVersionGroup section */
		C53B339E2855DDBA00589719 /* SearchApp.xcdatamodeld */ = {
			isa = XCVersionGroup;
			children = (
				C53B339F2855DDBA00589719 /* SearchApp.xcdatamodel */,
			);
			currentVersion = C53B339F2855DDBA00589719 /* SearchApp.xcdatamodel */;
			path = SearchApp.xcdatamodeld;
			sourceTree = "<group>";
			versionGroupType = wrapper.xcdatamodel;
		};
/* End XCVersionGroup section */
	};
	rootObject = C53B338A2855DDBA00589719 /* Project object */;
}
